
Microsoft Visual Studio Solution File, Format Version 12.00
# Visual Studio 15
VisualStudioVersion = 15.0.27428.2043
MinimumVisualStudioVersion = 10.0.40219.1
Project("{FAE04EC0-301F-11D3-BF4B-00C04F79EFBC}") = "JOJ.WebAPI", "JOJ.WebAPI\JOJ.WebAPI.csproj", "{E705AC4B-0288-4835-9945-42554FD41DBB}"
EndProject
Project("{FAE04EC0-301F-11D3-BF4B-00C04F79EFBC}") = "JOJ.Dominio", "JOJ.Dominio\JOJ.Dominio.csproj", "{F08BA7FB-71A8-4BCE-9031-30A196D95D09}"
EndProject
Project("{FAE04EC0-301F-11D3-BF4B-00C04F79EFBC}") = "JOJ.APP.Android", "JOJ.APP\JOJ.APP.Android\JOJ.APP.Android.csproj", "{28EB6D13-9B63-4866-972B-A71E4F032750}"
EndProject
Project("{FAE04EC0-301F-11D3-BF4B-00C04F79EFBC}") = "JOJ.APP.iOS", "JOJ.APP\JOJ.APP.iOS\JOJ.APP.iOS.csproj", "{E8BB0E9A-DD9F-49AA-A1C1-9035395122DB}"
EndProject
Project("{9A19103F-16F7-4668-BE54-9A1E7A4F7556}") = "JOJ.APP", "JOJ.APP\JOJ.APP\JOJ.APP.csproj", "{1AE3E1BD-3F77-423D-9B8E-07379983EC4D}"
EndProject
Project("{FAE04EC0-301F-11D3-BF4B-00C04F79EFBC}") = "JOJ.Testes", "JOJ.Testes\JOJ.Testes.csproj", "{AD4C6062-B211-4049-8078-894AB56EE61E}"
EndProject
Global
	GlobalSection(SolutionConfigurationPlatforms) = preSolution
		Ad-Hoc|Any CPU = Ad-Hoc|Any CPU
		Ad-Hoc|iPhone = Ad-Hoc|iPhone
		Ad-Hoc|iPhoneSimulator = Ad-Hoc|iPhoneSimulator
		Ad-Hoc|x64 = Ad-Hoc|x64
		Ad-Hoc|x86 = Ad-Hoc|x86
		AppStore|Any CPU = AppStore|Any CPU
		AppStore|iPhone = AppStore|iPhone
		AppStore|iPhoneSimulator = AppStore|iPhoneSimulator
		AppStore|x64 = AppStore|x64
		AppStore|x86 = AppStore|x86
		Debug|Any CPU = Debug|Any CPU
		Debug|iPhone = Debug|iPhone
		Debug|iPhoneSimulator = Debug|iPhoneSimulator
		Debug|x64 = Debug|x64
		Debug|x86 = Debug|x86
		Release|Any CPU = Release|Any CPU
		Release|iPhone = Release|iPhone
		Release|iPhoneSimulator = Release|iPhoneSimulator
		Release|x64 = Release|x64
		Release|x86 = Release|x86
	EndGlobalSection
	GlobalSection(ProjectConfigurationPlatforms) = postSolution
		{E705AC4B-0288-4835-9945-42554FD41DBB}.Ad-Hoc|Any CPU.ActiveCfg = Release|Any CPU
		{E705AC4B-0288-4835-9945-42554FD41DBB}.Ad-Hoc|Any CPU.Build.0 = Release|Any CPU
		{E705AC4B-0288-4835-9945-42554FD41DBB}.Ad-Hoc|iPhone.ActiveCfg = Release|Any CPU
		{E705AC4B-0288-4835-9945-42554FD41DBB}.Ad-Hoc|iPhone.Build.0 = Release|Any CPU
		{E705AC4B-0288-4835-9945-42554FD41DBB}.Ad-Hoc|iPhoneSimulator.ActiveCfg = Release|Any CPU
		{E705AC4B-0288-4835-9945-42554FD41DBB}.Ad-Hoc|iPhoneSimulator.Build.0 = Release|Any CPU
		{E705AC4B-0288-4835-9945-42554FD41DBB}.Ad-Hoc|x64.ActiveCfg = Debug|Any CPU
		{E705AC4B-0288-4835-9945-42554FD41DBB}.Ad-Hoc|x64.Build.0 = Debug|Any CPU
		{E705AC4B-0288-4835-9945-42554FD41DBB}.Ad-Hoc|x86.ActiveCfg = Debug|Any CPU
		{E705AC4B-0288-4835-9945-42554FD41DBB}.Ad-Hoc|x86.Build.0 = Debug|Any CPU
		{E705AC4B-0288-4835-9945-42554FD41DBB}.AppStore|Any CPU.ActiveCfg = Release|Any CPU
		{E705AC4B-0288-4835-9945-42554FD41DBB}.AppStore|Any CPU.Build.0 = Release|Any CPU
		{E705AC4B-0288-4835-9945-42554FD41DBB}.AppStore|iPhone.ActiveCfg = Release|Any CPU
		{E705AC4B-0288-4835-9945-42554FD41DBB}.AppStore|iPhone.Build.0 = Release|Any CPU
		{E705AC4B-0288-4835-9945-42554FD41DBB}.AppStore|iPhoneSimulator.ActiveCfg = Release|Any CPU
		{E705AC4B-0288-4835-9945-42554FD41DBB}.AppStore|iPhoneSimulator.Build.0 = Release|Any CPU
		{E705AC4B-0288-4835-9945-42554FD41DBB}.AppStore|x64.ActiveCfg = Debug|Any CPU
		{E705AC4B-0288-4835-9945-42554FD41DBB}.AppStore|x64.Build.0 = Debug|Any CPU
		{E705AC4B-0288-4835-9945-42554FD41DBB}.AppStore|x86.ActiveCfg = Debug|Any CPU
		{E705AC4B-0288-4835-9945-42554FD41DBB}.AppStore|x86.Build.0 = Debug|Any CPU
		{E705AC4B-0288-4835-9945-42554FD41DBB}.Debug|Any CPU.ActiveCfg = Debug|Any CPU
		{E705AC4B-0288-4835-9945-42554FD41DBB}.Debug|Any CPU.Build.0 = Debug|Any CPU
		{E705AC4B-0288-4835-9945-42554FD41DBB}.Debug|iPhone.ActiveCfg = Debug|Any CPU
		{E705AC4B-0288-4835-9945-42554FD41DBB}.Debug|iPhone.Build.0 = Debug|Any CPU
		{E705AC4B-0288-4835-9945-42554FD41DBB}.Debug|iPhoneSimulator.ActiveCfg = Debug|Any CPU
		{E705AC4B-0288-4835-9945-42554FD41DBB}.Debug|iPhoneSimulator.Build.0 = Debug|Any CPU
		{E705AC4B-0288-4835-9945-42554FD41DBB}.Debug|x64.ActiveCfg = Debug|Any CPU
		{E705AC4B-0288-4835-9945-42554FD41DBB}.Debug|x64.Build.0 = Debug|Any CPU
		{E705AC4B-0288-4835-9945-42554FD41DBB}.Debug|x86.ActiveCfg = Debug|Any CPU
		{E705AC4B-0288-4835-9945-42554FD41DBB}.Debug|x86.Build.0 = Debug|Any CPU
		{E705AC4B-0288-4835-9945-42554FD41DBB}.Release|Any CPU.ActiveCfg = Release|Any CPU
		{E705AC4B-0288-4835-9945-42554FD41DBB}.Release|Any CPU.Build.0 = Release|Any CPU
		{E705AC4B-0288-4835-9945-42554FD41DBB}.Release|iPhone.ActiveCfg = Release|Any CPU
		{E705AC4B-0288-4835-9945-42554FD41DBB}.Release|iPhone.Build.0 = Release|Any CPU
		{E705AC4B-0288-4835-9945-42554FD41DBB}.Release|iPhoneSimulator.ActiveCfg = Release|Any CPU
		{E705AC4B-0288-4835-9945-42554FD41DBB}.Release|iPhoneSimulator.Build.0 = Release|Any CPU
		{E705AC4B-0288-4835-9945-42554FD41DBB}.Release|x64.ActiveCfg = Release|Any CPU
		{E705AC4B-0288-4835-9945-42554FD41DBB}.Release|x64.Build.0 = Release|Any CPU
		{E705AC4B-0288-4835-9945-42554FD41DBB}.Release|x86.ActiveCfg = Release|Any CPU
		{E705AC4B-0288-4835-9945-42554FD41DBB}.Release|x86.Build.0 = Release|Any CPU
		{F08BA7FB-71A8-4BCE-9031-30A196D95D09}.Ad-Hoc|Any CPU.ActiveCfg = Release|Any CPU
		{F08BA7FB-71A8-4BCE-9031-30A196D95D09}.Ad-Hoc|Any CPU.Build.0 = Release|Any CPU
		{F08BA7FB-71A8-4BCE-9031-30A196D95D09}.Ad-Hoc|iPhone.ActiveCfg = Release|Any CPU
		{F08BA7FB-71A8-4BCE-9031-30A196D95D09}.Ad-Hoc|iPhone.Build.0 = Release|Any CPU
		{F08BA7FB-71A8-4BCE-9031-30A196D95D09}.Ad-Hoc|iPhoneSimulator.ActiveCfg = Release|Any CPU
		{F08BA7FB-71A8-4BCE-9031-30A196D95D09}.Ad-Hoc|iPhoneSimulator.Build.0 = Release|Any CPU
		{F08BA7FB-71A8-4BCE-9031-30A196D95D09}.Ad-Hoc|x64.ActiveCfg = Debug|Any CPU
		{F08BA7FB-71A8-4BCE-9031-30A196D95D09}.Ad-Hoc|x64.Build.0 = Debug|Any CPU
		{F08BA7FB-71A8-4BCE-9031-30A196D95D09}.Ad-Hoc|x86.ActiveCfg = Debug|Any CPU
		{F08BA7FB-71A8-4BCE-9031-30A196D95D09}.Ad-Hoc|x86.Build.0 = Debug|Any CPU
		{F08BA7FB-71A8-4BCE-9031-30A196D95D09}.AppStore|Any CPU.ActiveCfg = Release|Any CPU
		{F08BA7FB-71A8-4BCE-9031-30A196D95D09}.AppStore|Any CPU.Build.0 = Release|Any CPU
		{F08BA7FB-71A8-4BCE-9031-30A196D95D09}.AppStore|iPhone.ActiveCfg = Release|Any CPU
		{F08BA7FB-71A8-4BCE-9031-30A196D95D09}.AppStore|iPhone.Build.0 = Release|Any CPU
		{F08BA7FB-71A8-4BCE-9031-30A196D95D09}.AppStore|iPhoneSimulator.ActiveCfg = Release|Any CPU
		{F08BA7FB-71A8-4BCE-9031-30A196D95D09}.AppStore|iPhoneSimulator.Build.0 = Release|Any CPU
		{F08BA7FB-71A8-4BCE-9031-30A196D95D09}.AppStore|x64.ActiveCfg = Debug|Any CPU
		{F08BA7FB-71A8-4BCE-9031-30A196D95D09}.AppStore|x64.Build.0 = Debug|Any CPU
		{F08BA7FB-71A8-4BCE-9031-30A196D95D09}.AppStore|x86.ActiveCfg = Debug|Any CPU
		{F08BA7FB-71A8-4BCE-9031-30A196D95D09}.AppStore|x86.Build.0 = Debug|Any CPU
		{F08BA7FB-71A8-4BCE-9031-30A196D95D09}.Debug|Any CPU.ActiveCfg = Debug|Any CPU
		{F08BA7FB-71A8-4BCE-9031-30A196D95D09}.Debug|Any CPU.Build.0 = Debug|Any CPU
		{F08BA7FB-71A8-4BCE-9031-30A196D95D09}.Debug|iPhone.ActiveCfg = Debug|Any CPU
		{F08BA7FB-71A8-4BCE-9031-30A196D95D09}.Debug|iPhone.Build.0 = Debug|Any CPU
		{F08BA7FB-71A8-4BCE-9031-30A196D95D09}.Debug|iPhoneSimulator.ActiveCfg = Debug|Any CPU
		{F08BA7FB-71A8-4BCE-9031-30A196D95D09}.Debug|iPhoneSimulator.Build.0 = Debug|Any CPU
		{F08BA7FB-71A8-4BCE-9031-30A196D95D09}.Debug|x64.ActiveCfg = Debug|Any CPU
		{F08BA7FB-71A8-4BCE-9031-30A196D95D09}.Debug|x64.Build.0 = Debug|Any CPU
		{F08BA7FB-71A8-4BCE-9031-30A196D95D09}.Debug|x86.ActiveCfg = Debug|Any CPU
		{F08BA7FB-71A8-4BCE-9031-30A196D95D09}.Debug|x86.Build.0 = Debug|Any CPU
		{F08BA7FB-71A8-4BCE-9031-30A196D95D09}.Release|Any CPU.ActiveCfg = Release|Any CPU
		{F08BA7FB-71A8-4BCE-9031-30A196D95D09}.Release|Any CPU.Build.0 = Release|Any CPU
		{F08BA7FB-71A8-4BCE-9031-30A196D95D09}.Release|iPhone.ActiveCfg = Release|Any CPU
		{F08BA7FB-71A8-4BCE-9031-30A196D95D09}.Release|iPhone.Build.0 = Release|Any CPU
		{F08BA7FB-71A8-4BCE-9031-30A196D95D09}.Release|iPhoneSimulator.ActiveCfg = Release|Any CPU
		{F08BA7FB-71A8-4BCE-9031-30A196D95D09}.Release|iPhoneSimulator.Build.0 = Release|Any CPU
		{F08BA7FB-71A8-4BCE-9031-30A196D95D09}.Release|x64.ActiveCfg = Release|Any CPU
		{F08BA7FB-71A8-4BCE-9031-30A196D95D09}.Release|x64.Build.0 = Release|Any CPU
		{F08BA7FB-71A8-4BCE-9031-30A196D95D09}.Release|x86.ActiveCfg = Release|Any CPU
		{F08BA7FB-71A8-4BCE-9031-30A196D95D09}.Release|x86.Build.0 = Release|Any CPU
		{28EB6D13-9B63-4866-972B-A71E4F032750}.Ad-Hoc|Any CPU.ActiveCfg = Release|Any CPU
		{28EB6D13-9B63-4866-972B-A71E4F032750}.Ad-Hoc|Any CPU.Build.0 = Release|Any CPU
		{28EB6D13-9B63-4866-972B-A71E4F032750}.Ad-Hoc|Any CPU.Deploy.0 = Release|Any CPU
		{28EB6D13-9B63-4866-972B-A71E4F032750}.Ad-Hoc|iPhone.ActiveCfg = Release|Any CPU
		{28EB6D13-9B63-4866-972B-A71E4F032750}.Ad-Hoc|iPhone.Build.0 = Release|Any CPU
		{28EB6D13-9B63-4866-972B-A71E4F032750}.Ad-Hoc|iPhone.Deploy.0 = Release|Any CPU
		{28EB6D13-9B63-4866-972B-A71E4F032750}.Ad-Hoc|iPhoneSimulator.ActiveCfg = Release|Any CPU
		{28EB6D13-9B63-4866-972B-A71E4F032750}.Ad-Hoc|iPhoneSimulator.Build.0 = Release|Any CPU
		{28EB6D13-9B63-4866-972B-A71E4F032750}.Ad-Hoc|iPhoneSimulator.Deploy.0 = Release|Any CPU
		{28EB6D13-9B63-4866-972B-A71E4F032750}.Ad-Hoc|x64.ActiveCfg = Debug|Any CPU
		{28EB6D13-9B63-4866-972B-A71E4F032750}.Ad-Hoc|x64.Build.0 = Debug|Any CPU
		{28EB6D13-9B63-4866-972B-A71E4F032750}.Ad-Hoc|x64.Deploy.0 = Debug|Any CPU
		{28EB6D13-9B63-4866-972B-A71E4F032750}.Ad-Hoc|x86.ActiveCfg = Release|x86
		{28EB6D13-9B63-4866-972B-A71E4F032750}.Ad-Hoc|x86.Build.0 = Release|x86
		{28EB6D13-9B63-4866-972B-A71E4F032750}.Ad-Hoc|x86.Deploy.0 = Release|x86
		{28EB6D13-9B63-4866-972B-A71E4F032750}.AppStore|Any CPU.ActiveCfg = Release|Any CPU
		{28EB6D13-9B63-4866-972B-A71E4F032750}.AppStore|Any CPU.Build.0 = Release|Any CPU
		{28EB6D13-9B63-4866-972B-A71E4F032750}.AppStore|Any CPU.Deploy.0 = Release|Any CPU
		{28EB6D13-9B63-4866-972B-A71E4F032750}.AppStore|iPhone.ActiveCfg = Release|Any CPU
		{28EB6D13-9B63-4866-972B-A71E4F032750}.AppStore|iPhone.Build.0 = Release|Any CPU
		{28EB6D13-9B63-4866-972B-A71E4F032750}.AppStore|iPhone.Deploy.0 = Release|Any CPU
		{28EB6D13-9B63-4866-972B-A71E4F032750}.AppStore|iPhoneSimulator.ActiveCfg = Release|Any CPU
		{28EB6D13-9B63-4866-972B-A71E4F032750}.AppStore|iPhoneSimulator.Build.0 = Release|Any CPU
		{28EB6D13-9B63-4866-972B-A71E4F032750}.AppStore|iPhoneSimulator.Deploy.0 = Release|Any CPU
		{28EB6D13-9B63-4866-972B-A71E4F032750}.AppStore|x64.ActiveCfg = Debug|Any CPU
		{28EB6D13-9B63-4866-972B-A71E4F032750}.AppStore|x64.Build.0 = Debug|Any CPU
		{28EB6D13-9B63-4866-972B-A71E4F032750}.AppStore|x64.Deploy.0 = Debug|Any CPU
		{28EB6D13-9B63-4866-972B-A71E4F032750}.AppStore|x86.ActiveCfg = Release|x86
		{28EB6D13-9B63-4866-972B-A71E4F032750}.AppStore|x86.Build.0 = Release|x86
		{28EB6D13-9B63-4866-972B-A71E4F032750}.AppStore|x86.Deploy.0 = Release|x86
		{28EB6D13-9B63-4866-972B-A71E4F032750}.Debug|Any CPU.ActiveCfg = Debug|Any CPU
		{28EB6D13-9B63-4866-972B-A71E4F032750}.Debug|Any CPU.Build.0 = Debug|Any CPU
		{28EB6D13-9B63-4866-972B-A71E4F032750}.Debug|Any CPU.Deploy.0 = Debug|Any CPU
		{28EB6D13-9B63-4866-972B-A71E4F032750}.Debug|iPhone.ActiveCfg = Debug|Any CPU
		{28EB6D13-9B63-4866-972B-A71E4F032750}.Debug|iPhone.Build.0 = Debug|Any CPU
		{28EB6D13-9B63-4866-972B-A71E4F032750}.Debug|iPhone.Deploy.0 = Debug|Any CPU
		{28EB6D13-9B63-4866-972B-A71E4F032750}.Debug|iPhoneSimulator.ActiveCfg = Debug|Any CPU
		{28EB6D13-9B63-4866-972B-A71E4F032750}.Debug|iPhoneSimulator.Build.0 = Debug|Any CPU
		{28EB6D13-9B63-4866-972B-A71E4F032750}.Debug|iPhoneSimulator.Deploy.0 = Debug|Any CPU
		{28EB6D13-9B63-4866-972B-A71E4F032750}.Debug|x64.ActiveCfg = Debug|Any CPU
		{28EB6D13-9B63-4866-972B-A71E4F032750}.Debug|x64.Build.0 = Debug|Any CPU
		{28EB6D13-9B63-4866-972B-A71E4F032750}.Debug|x86.ActiveCfg = Debug|x86
		{28EB6D13-9B63-4866-972B-A71E4F032750}.Debug|x86.Build.0 = Debug|x86
		{28EB6D13-9B63-4866-972B-A71E4F032750}.Debug|x86.Deploy.0 = Debug|x86
		{28EB6D13-9B63-4866-972B-A71E4F032750}.Release|Any CPU.ActiveCfg = Release|Any CPU
		{28EB6D13-9B63-4866-972B-A71E4F032750}.Release|Any CPU.Build.0 = Release|Any CPU
		{28EB6D13-9B63-4866-972B-A71E4F032750}.Release|Any CPU.Deploy.0 = Release|Any CPU
		{28EB6D13-9B63-4866-972B-A71E4F032750}.Release|iPhone.ActiveCfg = Release|Any CPU
		{28EB6D13-9B63-4866-972B-A71E4F032750}.Release|iPhone.Build.0 = Release|Any CPU
		{28EB6D13-9B63-4866-972B-A71E4F032750}.Release|iPhone.Deploy.0 = Release|Any CPU
		{28EB6D13-9B63-4866-972B-A71E4F032750}.Release|iPhoneSimulator.ActiveCfg = Release|Any CPU
		{28EB6D13-9B63-4866-972B-A71E4F032750}.Release|iPhoneSimulator.Build.0 = Release|Any CPU
		{28EB6D13-9B63-4866-972B-A71E4F032750}.Release|iPhoneSimulator.Deploy.0 = Release|Any CPU
		{28EB6D13-9B63-4866-972B-A71E4F032750}.Release|x64.ActiveCfg = Release|Any CPU
		{28EB6D13-9B63-4866-972B-A71E4F032750}.Release|x64.Build.0 = Release|Any CPU
		{28EB6D13-9B63-4866-972B-A71E4F032750}.Release|x64.Deploy.0 = Release|Any CPU
		{28EB6D13-9B63-4866-972B-A71E4F032750}.Release|x86.ActiveCfg = Release|x86
		{28EB6D13-9B63-4866-972B-A71E4F032750}.Release|x86.Build.0 = Release|x86
		{28EB6D13-9B63-4866-972B-A71E4F032750}.Release|x86.Deploy.0 = Release|x86
		{E8BB0E9A-DD9F-49AA-A1C1-9035395122DB}.Ad-Hoc|Any CPU.ActiveCfg = Ad-Hoc|iPhone
		{E8BB0E9A-DD9F-49AA-A1C1-9035395122DB}.Ad-Hoc|iPhone.ActiveCfg = Ad-Hoc|iPhone
		{E8BB0E9A-DD9F-49AA-A1C1-9035395122DB}.Ad-Hoc|iPhone.Build.0 = Ad-Hoc|iPhone
		{E8BB0E9A-DD9F-49AA-A1C1-9035395122DB}.Ad-Hoc|iPhoneSimulator.ActiveCfg = Ad-Hoc|iPhoneSimulator
		{E8BB0E9A-DD9F-49AA-A1C1-9035395122DB}.Ad-Hoc|iPhoneSimulator.Build.0 = Ad-Hoc|iPhoneSimulator
		{E8BB0E9A-DD9F-49AA-A1C1-9035395122DB}.Ad-Hoc|x64.ActiveCfg = Ad-Hoc|iPhoneSimulator
		{E8BB0E9A-DD9F-49AA-A1C1-9035395122DB}.Ad-Hoc|x86.ActiveCfg = Ad-Hoc|iPhoneSimulator
		{E8BB0E9A-DD9F-49AA-A1C1-9035395122DB}.AppStore|Any CPU.ActiveCfg = AppStore|iPhone
		{E8BB0E9A-DD9F-49AA-A1C1-9035395122DB}.AppStore|iPhone.ActiveCfg = AppStore|iPhone
		{E8BB0E9A-DD9F-49AA-A1C1-9035395122DB}.AppStore|iPhone.Build.0 = AppStore|iPhone
		{E8BB0E9A-DD9F-49AA-A1C1-9035395122DB}.AppStore|iPhoneSimulator.ActiveCfg = AppStore|iPhoneSimulator
		{E8BB0E9A-DD9F-49AA-A1C1-9035395122DB}.AppStore|iPhoneSimulator.Build.0 = AppStore|iPhoneSimulator
		{E8BB0E9A-DD9F-49AA-A1C1-9035395122DB}.AppStore|x64.ActiveCfg = AppStore|iPhoneSimulator
		{E8BB0E9A-DD9F-49AA-A1C1-9035395122DB}.AppStore|x86.ActiveCfg = AppStore|iPhoneSimulator
		{E8BB0E9A-DD9F-49AA-A1C1-9035395122DB}.Debug|Any CPU.ActiveCfg = Debug|iPhone
		{E8BB0E9A-DD9F-49AA-A1C1-9035395122DB}.Debug|Any CPU.Build.0 = Debug|iPhone
		{E8BB0E9A-DD9F-49AA-A1C1-9035395122DB}.Debug|iPhone.ActiveCfg = Debug|iPhone
		{E8BB0E9A-DD9F-49AA-A1C1-9035395122DB}.Debug|iPhone.Build.0 = Debug|iPhone
		{E8BB0E9A-DD9F-49AA-A1C1-9035395122DB}.Debug|iPhoneSimulator.ActiveCfg = Debug|iPhoneSimulator
		{E8BB0E9A-DD9F-49AA-A1C1-9035395122DB}.Debug|iPhoneSimulator.Build.0 = Debug|iPhoneSimulator
		{E8BB0E9A-DD9F-49AA-A1C1-9035395122DB}.Debug|x64.ActiveCfg = Debug|iPhoneSimulator
		{E8BB0E9A-DD9F-49AA-A1C1-9035395122DB}.Debug|x86.ActiveCfg = Debug|iPhoneSimulator
		{E8BB0E9A-DD9F-49AA-A1C1-9035395122DB}.Release|Any CPU.ActiveCfg = Release|iPhone
		{E8BB0E9A-DD9F-49AA-A1C1-9035395122DB}.Release|iPhone.ActiveCfg = Release|iPhone
		{E8BB0E9A-DD9F-49AA-A1C1-9035395122DB}.Release|iPhone.Build.0 = Release|iPhone
		{E8BB0E9A-DD9F-49AA-A1C1-9035395122DB}.Release|iPhoneSimulator.ActiveCfg = Release|iPhoneSimulator
		{E8BB0E9A-DD9F-49AA-A1C1-9035395122DB}.Release|iPhoneSimulator.Build.0 = Release|iPhoneSimulator
		{E8BB0E9A-DD9F-49AA-A1C1-9035395122DB}.Release|x64.ActiveCfg = Release|iPhoneSimulator
		{E8BB0E9A-DD9F-49AA-A1C1-9035395122DB}.Release|x86.ActiveCfg = Release|iPhoneSimulator
		{1AE3E1BD-3F77-423D-9B8E-07379983EC4D}.Ad-Hoc|Any CPU.ActiveCfg = Debug|Any CPU
		{1AE3E1BD-3F77-423D-9B8E-07379983EC4D}.Ad-Hoc|Any CPU.Build.0 = Debug|Any CPU
		{1AE3E1BD-3F77-423D-9B8E-07379983EC4D}.Ad-Hoc|iPhone.ActiveCfg = Debug|Any CPU
		{1AE3E1BD-3F77-423D-9B8E-07379983EC4D}.Ad-Hoc|iPhone.Build.0 = Debug|Any CPU
		{1AE3E1BD-3F77-423D-9B8E-07379983EC4D}.Ad-Hoc|iPhoneSimulator.ActiveCfg = Debug|Any CPU
		{1AE3E1BD-3F77-423D-9B8E-07379983EC4D}.Ad-Hoc|iPhoneSimulator.Build.0 = Debug|Any CPU
		{1AE3E1BD-3F77-423D-9B8E-07379983EC4D}.Ad-Hoc|x64.ActiveCfg = Release|x64
		{1AE3E1BD-3F77-423D-9B8E-07379983EC4D}.Ad-Hoc|x64.Build.0 = Release|x64
		{1AE3E1BD-3F77-423D-9B8E-07379983EC4D}.Ad-Hoc|x86.ActiveCfg = Release|Any CPU
		{1AE3E1BD-3F77-423D-9B8E-07379983EC4D}.Ad-Hoc|x86.Build.0 = Release|Any CPU
		{1AE3E1BD-3F77-423D-9B8E-07379983EC4D}.AppStore|Any CPU.ActiveCfg = Debug|Any CPU
		{1AE3E1BD-3F77-423D-9B8E-07379983EC4D}.AppStore|Any CPU.Build.0 = Debug|Any CPU
		{1AE3E1BD-3F77-423D-9B8E-07379983EC4D}.AppStore|iPhone.ActiveCfg = Debug|Any CPU
		{1AE3E1BD-3F77-423D-9B8E-07379983EC4D}.AppStore|iPhone.Build.0 = Debug|Any CPU
		{1AE3E1BD-3F77-423D-9B8E-07379983EC4D}.AppStore|iPhoneSimulator.ActiveCfg = Debug|Any CPU
		{1AE3E1BD-3F77-423D-9B8E-07379983EC4D}.AppStore|iPhoneSimulator.Build.0 = Debug|Any CPU
		{1AE3E1BD-3F77-423D-9B8E-07379983EC4D}.AppStore|x64.ActiveCfg = Release|x64
		{1AE3E1BD-3F77-423D-9B8E-07379983EC4D}.AppStore|x64.Build.0 = Release|x64
		{1AE3E1BD-3F77-423D-9B8E-07379983EC4D}.AppStore|x86.ActiveCfg = Release|Any CPU
		{1AE3E1BD-3F77-423D-9B8E-07379983EC4D}.AppStore|x86.Build.0 = Release|Any CPU
		{1AE3E1BD-3F77-423D-9B8E-07379983EC4D}.Debug|Any CPU.ActiveCfg = Debug|Any CPU
		{1AE3E1BD-3F77-423D-9B8E-07379983EC4D}.Debug|Any CPU.Build.0 = Debug|Any CPU
		{1AE3E1BD-3F77-423D-9B8E-07379983EC4D}.Debug|iPhone.ActiveCfg = Debug|Any CPU
		{1AE3E1BD-3F77-423D-9B8E-07379983EC4D}.Debug|iPhone.Build.0 = Debug|Any CPU
		{1AE3E1BD-3F77-423D-9B8E-07379983EC4D}.Debug|iPhoneSimulator.ActiveCfg = Debug|Any CPU
		{1AE3E1BD-3F77-423D-9B8E-07379983EC4D}.Debug|iPhoneSimulator.Build.0 = Debug|Any CPU
		{1AE3E1BD-3F77-423D-9B8E-07379983EC4D}.Debug|x64.ActiveCfg = Debug|Any CPU
		{1AE3E1BD-3F77-423D-9B8E-07379983EC4D}.Debug|x64.Build.0 = Debug|Any CPU
		{1AE3E1BD-3F77-423D-9B8E-07379983EC4D}.Debug|x86.ActiveCfg = Debug|Any CPU
		{1AE3E1BD-3F77-423D-9B8E-07379983EC4D}.Debug|x86.Build.0 = Debug|Any CPU
		{1AE3E1BD-3F77-423D-9B8E-07379983EC4D}.Release|Any CPU.ActiveCfg = Release|Any CPU
		{1AE3E1BD-3F77-423D-9B8E-07379983EC4D}.Release|Any CPU.Build.0 = Release|Any CPU
		{1AE3E1BD-3F77-423D-9B8E-07379983EC4D}.Release|iPhone.ActiveCfg = Release|Any CPU
		{1AE3E1BD-3F77-423D-9B8E-07379983EC4D}.Release|iPhone.Build.0 = Release|Any CPU
		{1AE3E1BD-3F77-423D-9B8E-07379983EC4D}.Release|iPhoneSimulator.ActiveCfg = Release|Any CPU
		{1AE3E1BD-3F77-423D-9B8E-07379983EC4D}.Release|iPhoneSimulator.Build.0 = Release|Any CPU
		{1AE3E1BD-3F77-423D-9B8E-07379983EC4D}.Release|x64.ActiveCfg = Release|x64
		{1AE3E1BD-3F77-423D-9B8E-07379983EC4D}.Release|x64.Build.0 = Release|x64
		{1AE3E1BD-3F77-423D-9B8E-07379983EC4D}.Release|x86.ActiveCfg = Release|Any CPU
		{1AE3E1BD-3F77-423D-9B8E-07379983EC4D}.Release|x86.Build.0 = Release|Any CPU
		{AD4C6062-B211-4049-8078-894AB56EE61E}.Ad-Hoc|Any CPU.ActiveCfg = Release|Any CPU
		{AD4C6062-B211-4049-8078-894AB56EE61E}.Ad-Hoc|Any CPU.Build.0 = Release|Any CPU
		{AD4C6062-B211-4049-8078-894AB56EE61E}.Ad-Hoc|iPhone.ActiveCfg = Release|Any CPU
		{AD4C6062-B211-4049-8078-894AB56EE61E}.Ad-Hoc|iPhone.Build.0 = Release|Any CPU
		{AD4C6062-B211-4049-8078-894AB56EE61E}.Ad-Hoc|iPhoneSimulator.ActiveCfg = Release|Any CPU
		{AD4C6062-B211-4049-8078-894AB56EE61E}.Ad-Hoc|iPhoneSimulator.Build.0 = Release|Any CPU
		{AD4C6062-B211-4049-8078-894AB56EE61E}.Ad-Hoc|x64.ActiveCfg = Release|Any CPU
		{AD4C6062-B211-4049-8078-894AB56EE61E}.Ad-Hoc|x64.Build.0 = Release|Any CPU
		{AD4C6062-B211-4049-8078-894AB56EE61E}.Ad-Hoc|x86.ActiveCfg = Release|Any CPU
		{AD4C6062-B211-4049-8078-894AB56EE61E}.Ad-Hoc|x86.Build.0 = Release|Any CPU
		{AD4C6062-B211-4049-8078-894AB56EE61E}.AppStore|Any CPU.ActiveCfg = Release|Any CPU
		{AD4C6062-B211-4049-8078-894AB56EE61E}.AppStore|Any CPU.Build.0 = Release|Any CPU
		{AD4C6062-B211-4049-8078-894AB56EE61E}.AppStore|iPhone.ActiveCfg = Release|Any CPU
		{AD4C6062-B211-4049-8078-894AB56EE61E}.AppStore|iPhone.Build.0 = Release|Any CPU
		{AD4C6062-B211-4049-8078-894AB56EE61E}.AppStore|iPhoneSimulator.ActiveCfg = Release|Any CPU
		{AD4C6062-B211-4049-8078-894AB56EE61E}.AppStore|iPhoneSimulator.Build.0 = Release|Any CPU
		{AD4C6062-B211-4049-8078-894AB56EE61E}.AppStore|x64.ActiveCfg = Release|Any CPU
		{AD4C6062-B211-4049-8078-894AB56EE61E}.AppStore|x64.Build.0 = Release|Any CPU
		{AD4C6062-B211-4049-8078-894AB56EE61E}.AppStore|x86.ActiveCfg = Release|Any CPU
		{AD4C6062-B211-4049-8078-894AB56EE61E}.AppStore|x86.Build.0 = Release|Any CPU
		{AD4C6062-B211-4049-8078-894AB56EE61E}.Debug|Any CPU.ActiveCfg = Debug|Any CPU
		{AD4C6062-B211-4049-8078-894AB56EE61E}.Debug|Any CPU.Build.0 = Debug|Any CPU
		{AD4C6062-B211-4049-8078-894AB56EE61E}.Debug|iPhone.ActiveCfg = Debug|Any CPU
		{AD4C6062-B211-4049-8078-894AB56EE61E}.Debug|iPhone.Build.0 = Debug|Any CPU
		{AD4C6062-B211-4049-8078-894AB56EE61E}.Debug|iPhoneSimulator.ActiveCfg = Debug|Any CPU
		{AD4C6062-B211-4049-8078-894AB56EE61E}.Debug|iPhoneSimulator.Build.0 = Debug|Any CPU
		{AD4C6062-B211-4049-8078-894AB56EE61E}.Debug|x64.ActiveCfg = Debug|Any CPU
		{AD4C6062-B211-4049-8078-894AB56EE61E}.Debug|x64.Build.0 = Debug|Any CPU
		{AD4C6062-B211-4049-8078-894AB56EE61E}.Debug|x86.ActiveCfg = Debug|Any CPU
		{AD4C6062-B211-4049-8078-894AB56EE61E}.Debug|x86.Build.0 = Debug|Any CPU
		{AD4C6062-B211-4049-8078-894AB56EE61E}.Release|Any CPU.ActiveCfg = Release|Any CPU
		{AD4C6062-B211-4049-8078-894AB56EE61E}.Release|Any CPU.Build.0 = Release|Any CPU
		{AD4C6062-B211-4049-8078-894AB56EE61E}.Release|iPhone.ActiveCfg = Release|Any CPU
		{AD4C6062-B211-4049-8078-894AB56EE61E}.Release|iPhone.Build.0 = Release|Any CPU
		{AD4C6062-B211-4049-8078-894AB56EE61E}.Release|iPhoneSimulator.ActiveCfg = Release|Any CPU
		{AD4C6062-B211-4049-8078-894AB56EE61E}.Release|iPhoneSimulator.Build.0 = Release|Any CPU
		{AD4C6062-B211-4049-8078-894AB56EE61E}.Release|x64.ActiveCfg = Release|Any CPU
		{AD4C6062-B211-4049-8078-894AB56EE61E}.Release|x64.Build.0 = Release|Any CPU
		{AD4C6062-B211-4049-8078-894AB56EE61E}.Release|x86.ActiveCfg = Release|Any CPU
		{AD4C6062-B211-4049-8078-894AB56EE61E}.Release|x86.Build.0 = Release|Any CPU
	EndGlobalSection
	GlobalSection(SolutionProperties) = preSolution
		HideSolutionNode = FALSE
	EndGlobalSection
	GlobalSection(ExtensibilityGlobals) = postSolution
		SolutionGuid = {E63AE966-60BA-4A33-AF15-F17DE43CF6E0}
	EndGlobalSection
EndGlobal
