
Microsoft Visual Studio Solution File, Format Version 12.00
# Visual Studio 15
VisualStudioVersion = 15.0.27428.2043
MinimumVisualStudioVersion = 10.0.40219.1
Project("{FAE04EC0-301F-11D3-BF4B-00C04F79EFBC}") = "JOJ.Dominio", "JOJ.Dominio\JOJ.Dominio.csproj", "{F08BA7FB-71A8-4BCE-9031-30A196D95D09}"
EndProject
Project("{FAE04EC0-301F-11D3-BF4B-00C04F79EFBC}") = "JOJ.Testes", "JOJ.Testes\JOJ.Testes.csproj", "{AD4C6062-B211-4049-8078-894AB56EE61E}"
EndProject
Project("{FAE04EC0-301F-11D3-BF4B-00C04F79EFBC}") = "JOJ.WebAPI", "JOJ.WebAPI\JOJ.WebAPI.csproj", "{E705AC4B-0288-4835-9945-42554FD41DBB}"
EndProject
Global
	GlobalSection(SolutionConfigurationPlatforms) = preSolution
		Debug|Any CPU = Debug|Any CPU
		Release|Any CPU = Release|Any CPU
	EndGlobalSection
	GlobalSection(ProjectConfigurationPlatforms) = postSolution
		{F08BA7FB-71A8-4BCE-9031-30A196D95D09}.Debug|Any CPU.ActiveCfg = Debug|Any CPU
		{F08BA7FB-71A8-4BCE-9031-30A196D95D09}.Debug|Any CPU.Build.0 = Debug|Any CPU
		{F08BA7FB-71A8-4BCE-9031-30A196D95D09}.Release|Any CPU.ActiveCfg = Release|Any CPU
		{F08BA7FB-71A8-4BCE-9031-30A196D95D09}.Release|Any CPU.Build.0 = Release|Any CPU
		{AD4C6062-B211-4049-8078-894AB56EE61E}.Debug|Any CPU.ActiveCfg = Debug|Any CPU
		{AD4C6062-B211-4049-8078-894AB56EE61E}.Debug|Any CPU.Build.0 = Debug|Any CPU
		{AD4C6062-B211-4049-8078-894AB56EE61E}.Release|Any CPU.ActiveCfg = Release|Any CPU
		{AD4C6062-B211-4049-8078-894AB56EE61E}.Release|Any CPU.Build.0 = Release|Any CPU
		{E705AC4B-0288-4835-9945-42554FD41DBB}.Debug|Any CPU.ActiveCfg = Debug|Any CPU
		{E705AC4B-0288-4835-9945-42554FD41DBB}.Debug|Any CPU.Build.0 = Debug|Any CPU
		{E705AC4B-0288-4835-9945-42554FD41DBB}.Release|Any CPU.ActiveCfg = Release|Any CPU
		{E705AC4B-0288-4835-9945-42554FD41DBB}.Release|Any CPU.Build.0 = Release|Any CPU
	EndGlobalSection
	GlobalSection(SolutionProperties) = preSolution
		HideSolutionNode = FALSE
	EndGlobalSection
	GlobalSection(ExtensibilityGlobals) = postSolution
		SolutionGuid = {E63AE966-60BA-4A33-AF15-F17DE43CF6E0}
	EndGlobalSection
EndGlobal
